
Microsoft Visual Studio Solution File, Format Version 12.00
# Visual Studio Version 17
VisualStudioVersion = 17.8.34525.116
MinimumVisualStudioVersion = 10.0.40219.1
Project("{9A19103F-16F7-4668-BE54-9A1E7A4F7556}") = "DOWNNOTIFIER.Entity", "DOWNNOTIFIER.Entity\DOWNNOTIFIER.Entity.csproj", "{ACE8C547-5DC8-4626-B761-D96021A793C3}"
EndProject
Project("{9A19103F-16F7-4668-BE54-9A1E7A4F7556}") = "DOWNNOTIFIER.Repository", "DOWNNOTIFIER.Repository\DOWNNOTIFIER.Repository.csproj", "{E4480E26-0580-443B-9F91-513C05876E2A}"
EndProject
Project("{9A19103F-16F7-4668-BE54-9A1E7A4F7556}") = "DOWNNOTIFIER.DataAccessLayer", "DOWNNOTIFIER.DataAccessLayer\DOWNNOTIFIER.DataAccessLayer.csproj", "{67521D41-BD89-4A98-AB02-1262112597BF}"
EndProject
Project("{9A19103F-16F7-4668-BE54-9A1E7A4F7556}") = "DOWNNOTIFIER.DataTransferObject", "DOWNNOTIFIER.DataTransferObject\DOWNNOTIFIER.DataTransferObject.csproj", "{E7D018AC-C117-4829-84CC-F1F2DA73864D}"
EndProject
Project("{9A19103F-16F7-4668-BE54-9A1E7A4F7556}") = "DOWNNOTIFIER.UnitOfWork", "DOWNNOTIFIER.UnitOfWork\DOWNNOTIFIER.UnitOfWork.csproj", "{DAA3B1F8-2EC5-4854-BE11-45AE8C5B458D}"
EndProject
Project("{FAE04EC0-301F-11D3-BF4B-00C04F79EFBC}") = "DOWNNOTIFIER.Extension", "DOWNNOTIFIER.Extension\DOWNNOTIFIER.Extension.csproj", "{CC667EA7-2601-4AA0-8147-7760BBA58FD7}"
EndProject
Project("{FAE04EC0-301F-11D3-BF4B-00C04F79EFBC}") = "DOWNNOTIFIER.BusinessLayer", "DOWNNOTIFIER.BusinessLayer\DOWNNOTIFIER.BusinessLayer.csproj", "{54037472-8E60-4E2F-888D-C4250F4B8D8E}"
EndProject
Project("{FAE04EC0-301F-11D3-BF4B-00C04F79EFBC}") = "DOWNNOTIFIER.Notification", "DOWNNOTIFIER.Notification\DOWNNOTIFIER.Notification.csproj", "{ED5FFD04-7EF5-4D8B-9EF7-33E0D5B4B1B5}"
EndProject
Project("{FAE04EC0-301F-11D3-BF4B-00C04F79EFBC}") = "DOWNNOTIFIER.WebApp", "DOWNNOTIFIER.WebApp\DOWNNOTIFIER.WebApp.csproj", "{52938616-F829-461D-9B49-A22879DE43DD}"
EndProject
Global
	GlobalSection(SolutionConfigurationPlatforms) = preSolution
		Debug|Any CPU = Debug|Any CPU
		Release|Any CPU = Release|Any CPU
	EndGlobalSection
	GlobalSection(ProjectConfigurationPlatforms) = postSolution
		{ACE8C547-5DC8-4626-B761-D96021A793C3}.Debug|Any CPU.ActiveCfg = Debug|Any CPU
		{ACE8C547-5DC8-4626-B761-D96021A793C3}.Debug|Any CPU.Build.0 = Debug|Any CPU
		{ACE8C547-5DC8-4626-B761-D96021A793C3}.Release|Any CPU.ActiveCfg = Release|Any CPU
		{ACE8C547-5DC8-4626-B761-D96021A793C3}.Release|Any CPU.Build.0 = Release|Any CPU
		{E4480E26-0580-443B-9F91-513C05876E2A}.Debug|Any CPU.ActiveCfg = Debug|Any CPU
		{E4480E26-0580-443B-9F91-513C05876E2A}.Debug|Any CPU.Build.0 = Debug|Any CPU
		{E4480E26-0580-443B-9F91-513C05876E2A}.Release|Any CPU.ActiveCfg = Release|Any CPU
		{E4480E26-0580-443B-9F91-513C05876E2A}.Release|Any CPU.Build.0 = Release|Any CPU
		{67521D41-BD89-4A98-AB02-1262112597BF}.Debug|Any CPU.ActiveCfg = Debug|Any CPU
		{67521D41-BD89-4A98-AB02-1262112597BF}.Debug|Any CPU.Build.0 = Debug|Any CPU
		{67521D41-BD89-4A98-AB02-1262112597BF}.Release|Any CPU.ActiveCfg = Release|Any CPU
		{67521D41-BD89-4A98-AB02-1262112597BF}.Release|Any CPU.Build.0 = Release|Any CPU
		{E7D018AC-C117-4829-84CC-F1F2DA73864D}.Debug|Any CPU.ActiveCfg = Debug|Any CPU
		{E7D018AC-C117-4829-84CC-F1F2DA73864D}.Debug|Any CPU.Build.0 = Debug|Any CPU
		{E7D018AC-C117-4829-84CC-F1F2DA73864D}.Release|Any CPU.ActiveCfg = Release|Any CPU
		{E7D018AC-C117-4829-84CC-F1F2DA73864D}.Release|Any CPU.Build.0 = Release|Any CPU
		{DAA3B1F8-2EC5-4854-BE11-45AE8C5B458D}.Debug|Any CPU.ActiveCfg = Debug|Any CPU
		{DAA3B1F8-2EC5-4854-BE11-45AE8C5B458D}.Debug|Any CPU.Build.0 = Debug|Any CPU
		{DAA3B1F8-2EC5-4854-BE11-45AE8C5B458D}.Release|Any CPU.ActiveCfg = Release|Any CPU
		{DAA3B1F8-2EC5-4854-BE11-45AE8C5B458D}.Release|Any CPU.Build.0 = Release|Any CPU
		{CC667EA7-2601-4AA0-8147-7760BBA58FD7}.Debug|Any CPU.ActiveCfg = Debug|Any CPU
		{CC667EA7-2601-4AA0-8147-7760BBA58FD7}.Debug|Any CPU.Build.0 = Debug|Any CPU
		{CC667EA7-2601-4AA0-8147-7760BBA58FD7}.Release|Any CPU.ActiveCfg = Release|Any CPU
		{CC667EA7-2601-4AA0-8147-7760BBA58FD7}.Release|Any CPU.Build.0 = Release|Any CPU
		{54037472-8E60-4E2F-888D-C4250F4B8D8E}.Debug|Any CPU.ActiveCfg = Debug|Any CPU
		{54037472-8E60-4E2F-888D-C4250F4B8D8E}.Debug|Any CPU.Build.0 = Debug|Any CPU
		{54037472-8E60-4E2F-888D-C4250F4B8D8E}.Release|Any CPU.ActiveCfg = Release|Any CPU
		{54037472-8E60-4E2F-888D-C4250F4B8D8E}.Release|Any CPU.Build.0 = Release|Any CPU
		{ED5FFD04-7EF5-4D8B-9EF7-33E0D5B4B1B5}.Debug|Any CPU.ActiveCfg = Debug|Any CPU
		{ED5FFD04-7EF5-4D8B-9EF7-33E0D5B4B1B5}.Debug|Any CPU.Build.0 = Debug|Any CPU
		{ED5FFD04-7EF5-4D8B-9EF7-33E0D5B4B1B5}.Release|Any CPU.ActiveCfg = Release|Any CPU
		{ED5FFD04-7EF5-4D8B-9EF7-33E0D5B4B1B5}.Release|Any CPU.Build.0 = Release|Any CPU
		{52938616-F829-461D-9B49-A22879DE43DD}.Debug|Any CPU.ActiveCfg = Debug|Any CPU
		{52938616-F829-461D-9B49-A22879DE43DD}.Debug|Any CPU.Build.0 = Debug|Any CPU
		{52938616-F829-461D-9B49-A22879DE43DD}.Release|Any CPU.ActiveCfg = Release|Any CPU
		{52938616-F829-461D-9B49-A22879DE43DD}.Release|Any CPU.Build.0 = Release|Any CPU
	EndGlobalSection
	GlobalSection(SolutionProperties) = preSolution
		HideSolutionNode = FALSE
	EndGlobalSection
	GlobalSection(ExtensibilityGlobals) = postSolution
		SolutionGuid = {7DC38624-3F58-4DD3-B56A-976295862402}
	EndGlobalSection
EndGlobal
